// !$*UTF8*$!
{
	archiveVersion = 1;
	classes = {
	};
	objectVersion = 50;
	objects = {

/* Begin PBXBuildFile section */
		3E9D6748223AF61800BD459C /* AppDelegate.swift in Sources */ = {isa = PBXBuildFile; fileRef = 3E9D6747223AF61800BD459C /* AppDelegate.swift */; };
		3E9D674A223AF61800BD459C /* ViewController.swift in Sources */ = {isa = PBXBuildFile; fileRef = 3E9D6749223AF61800BD459C /* ViewController.swift */; };
		3E9D674D223AF61800BD459C /* Main.storyboard in Resources */ = {isa = PBXBuildFile; fileRef = 3E9D674B223AF61800BD459C /* Main.storyboard */; };
		3E9D674F223AF61A00BD459C /* Assets.xcassets in Resources */ = {isa = PBXBuildFile; fileRef = 3E9D674E223AF61A00BD459C /* Assets.xcassets */; };
		3E9D6752223AF61A00BD459C /* LaunchScreen.storyboard in Resources */ = {isa = PBXBuildFile; fileRef = 3E9D6750223AF61A00BD459C /* LaunchScreen.storyboard */; };
		3E9D675D223AF61A00BD459C /* numberPadTests.swift in Sources */ = {isa = PBXBuildFile; fileRef = 3E9D675C223AF61A00BD459C /* numberPadTests.swift */; };
		3E9D6768223AF61A00BD459C /* numberPadUITests.swift in Sources */ = {isa = PBXBuildFile; fileRef = 3E9D6767223AF61A00BD459C /* numberPadUITests.swift */; };
/* End PBXBuildFile section */

/* Begin PBXContainerItemProxy section */
		3E9D6759223AF61A00BD459C /* PBXContainerItemProxy */ = {
			isa = PBXContainerItemProxy;
			containerPortal = 3E9D673C223AF61800BD459C /* Project object */;
			proxyType = 1;
			remoteGlobalIDString = 3E9D6743223AF61800BD459C;
			remoteInfo = numberPad;
		};
		3E9D6764223AF61A00BD459C /* PBXContainerItemProxy */ = {
			isa = PBXContainerItemProxy;
			containerPortal = 3E9D673C223AF61800BD459C /* Project object */;
			proxyType = 1;
			remoteGlobalIDString = 3E9D6743223AF61800BD459C;
			remoteInfo = numberPad;
		};
/* End PBXContainerItemProxy section */

/* Begin PBXFileReference section */
		3E9D6744223AF61800BD459C /* numberPad.app */ = {isa = PBXFileReference; explicitFileType = wrapper.application; includeInIndex = 0; path = numberPad.app; sourceTree = BUILT_PRODUCTS_DIR; };
		3E9D6747223AF61800BD459C /* AppDelegate.swift */ = {isa = PBXFileReference; lastKnownFileType = sourcecode.swift; path = AppDelegate.swift; sourceTree = "<group>"; };
		3E9D6749223AF61800BD459C /* ViewController.swift */ = {isa = PBXFileReference; lastKnownFileType = sourcecode.swift; path = ViewController.swift; sourceTree = "<group>"; };
		3E9D674C223AF61800BD459C /* Base */ = {isa = PBXFileReference; lastKnownFileType = file.storyboard; name = Base; path = Base.lproj/Main.storyboard; sourceTree = "<group>"; };
		3E9D674E223AF61A00BD459C /* Assets.xcassets */ = {isa = PBXFileReference; lastKnownFileType = folder.assetcatalog; path = Assets.xcassets; sourceTree = "<group>"; };
		3E9D6751223AF61A00BD459C /* Base */ = {isa = PBXFileReference; lastKnownFileType = file.storyboard; name = Base; path = Base.lproj/LaunchScreen.storyboard; sourceTree = "<group>"; };
		3E9D6753223AF61A00BD459C /* Info.plist */ = {isa = PBXFileReference; lastKnownFileType = text.plist.xml; path = Info.plist; sourceTree = "<group>"; };
		3E9D6758223AF61A00BD459C /* numberPadTests.xctest */ = {isa = PBXFileReference; explicitFileType = wrapper.cfbundle; includeInIndex = 0; path = numberPadTests.xctest; sourceTree = BUILT_PRODUCTS_DIR; };
		3E9D675C223AF61A00BD459C /* numberPadTests.swift */ = {isa = PBXFileReference; lastKnownFileType = sourcecode.swift; path = numberPadTests.swift; sourceTree = "<group>"; };
		3E9D675E223AF61A00BD459C /* Info.plist */ = {isa = PBXFileReference; lastKnownFileType = text.plist.xml; path = Info.plist; sourceTree = "<group>"; };
		3E9D6763223AF61A00BD459C /* numberPadUITests.xctest */ = {isa = PBXFileReference; explicitFileType = wrapper.cfbundle; includeInIndex = 0; path = numberPadUITests.xctest; sourceTree = BUILT_PRODUCTS_DIR; };
		3E9D6767223AF61A00BD459C /* numberPadUITests.swift */ = {isa = PBXFileReference; lastKnownFileType = sourcecode.swift; path = numberPadUITests.swift; sourceTree = "<group>"; };
		3E9D6769223AF61A00BD459C /* Info.plist */ = {isa = PBXFileReference; lastKnownFileType = text.plist.xml; path = Info.plist; sourceTree = "<group>"; };
/* End PBXFileReference section */

/* Begin PBXFrameworksBuildPhase section */
		3E9D6741223AF61800BD459C /* Frameworks */ = {
			isa = PBXFrameworksBuildPhase;
			buildActionMask = 2147483647;
			files = (
			);
			runOnlyForDeploymentPostprocessing = 0;
		};
		3E9D6755223AF61A00BD459C /* Frameworks */ = {
			isa = PBXFrameworksBuildPhase;
			buildActionMask = 2147483647;
			files = (
			);
			runOnlyForDeploymentPostprocessing = 0;
		};
		3E9D6760223AF61A00BD459C /* Frameworks */ = {
			isa = PBXFrameworksBuildPhase;
			buildActionMask = 2147483647;
			files = (
			);
			runOnlyForDeploymentPostprocessing = 0;
		};
/* End PBXFrameworksBuildPhase section */

/* Begin PBXGroup section */
		3E9D673B223AF61800BD459C = {
			isa = PBXGroup;
			children = (
				3E9D6746223AF61800BD459C /* numberPad */,
				3E9D675B223AF61A00BD459C /* numberPadTests */,
				3E9D6766223AF61A00BD459C /* numberPadUITests */,
				3E9D6745223AF61800BD459C /* Products */,
			);
			sourceTree = "<group>";
		};
		3E9D6745223AF61800BD459C /* Products */ = {
			isa = PBXGroup;
			children = (
				3E9D6744223AF61800BD459C /* numberPad.app */,
				3E9D6758223AF61A00BD459C /* numberPadTests.xctest */,
				3E9D6763223AF61A00BD459C /* numberPadUITests.xctest */,
			);
			name = Products;
			sourceTree = "<group>";
		};
		3E9D6746223AF61800BD459C /* numberPad */ = {
			isa = PBXGroup;
			children = (
				3E9D6747223AF61800BD459C /* AppDelegate.swift */,
				3E9D6749223AF61800BD459C /* ViewController.swift */,
				3E9D674B223AF61800BD459C /* Main.storyboard */,
				3E9D674E223AF61A00BD459C /* Assets.xcassets */,
				3E9D6750223AF61A00BD459C /* LaunchScreen.storyboard */,
				3E9D6753223AF61A00BD459C /* Info.plist */,
			);
			path = numberPad;
			sourceTree = "<group>";
		};
		3E9D675B223AF61A00BD459C /* numberPadTests */ = {
			isa = PBXGroup;
			children = (
				3E9D675C223AF61A00BD459C /* numberPadTests.swift */,
				3E9D675E223AF61A00BD459C /* Info.plist */,
			);
			path = numberPadTests;
			sourceTree = "<group>";
		};
		3E9D6766223AF61A00BD459C /* numberPadUITests */ = {
			isa = PBXGroup;
			children = (
				3E9D6767223AF61A00BD459C /* numberPadUITests.swift */,
				3E9D6769223AF61A00BD459C /* Info.plist */,
			);
			path = numberPadUITests;
			sourceTree = "<group>";
		};
/* End PBXGroup section */

/* Begin PBXNativeTarget section */
		3E9D6743223AF61800BD459C /* numberPad */ = {
			isa = PBXNativeTarget;
			buildConfigurationList = 3E9D676C223AF61A00BD459C /* Build configuration list for PBXNativeTarget "numberPad" */;
			buildPhases = (
				3E9D6740223AF61800BD459C /* Sources */,
				3E9D6741223AF61800BD459C /* Frameworks */,
				3E9D6742223AF61800BD459C /* Resources */,
			);
			buildRules = (
			);
			dependencies = (
			);
			name = numberPad;
			productName = numberPad;
			productReference = 3E9D6744223AF61800BD459C /* numberPad.app */;
			productType = "com.apple.product-type.application";
		};
		3E9D6757223AF61A00BD459C /* numberPadTests */ = {
			isa = PBXNativeTarget;
			buildConfigurationList = 3E9D676F223AF61A00BD459C /* Build configuration list for PBXNativeTarget "numberPadTests" */;
			buildPhases = (
				3E9D6754223AF61A00BD459C /* Sources */,
				3E9D6755223AF61A00BD459C /* Frameworks */,
				3E9D6756223AF61A00BD459C /* Resources */,
			);
			buildRules = (
			);
			dependencies = (
				3E9D675A223AF61A00BD459C /* PBXTargetDependency */,
			);
			name = numberPadTests;
			productName = numberPadTests;
			productReference = 3E9D6758223AF61A00BD459C /* numberPadTests.xctest */;
			productType = "com.apple.product-type.bundle.unit-test";
		};
		3E9D6762223AF61A00BD459C /* numberPadUITests */ = {
			isa = PBXNativeTarget;
			buildConfigurationList = 3E9D6772223AF61A00BD459C /* Build configuration list for PBXNativeTarget "numberPadUITests" */;
			buildPhases = (
				3E9D675F223AF61A00BD459C /* Sources */,
				3E9D6760223AF61A00BD459C /* Frameworks */,
				3E9D6761223AF61A00BD459C /* Resources */,
			);
			buildRules = (
			);
			dependencies = (
				3E9D6765223AF61A00BD459C /* PBXTargetDependency */,
			);
			name = numberPadUITests;
			productName = numberPadUITests;
			productReference = 3E9D6763223AF61A00BD459C /* numberPadUITests.xctest */;
			productType = "com.apple.product-type.bundle.ui-testing";
		};
/* End PBXNativeTarget section */

/* Begin PBXProject section */
		3E9D673C223AF61800BD459C /* Project object */ = {
			isa = PBXProject;
			attributes = {
				LastSwiftUpdateCheck = 1010;
				LastUpgradeCheck = 1010;
				ORGANIZATIONNAME = "ching Hsi chou";
				TargetAttributes = {
					3E9D6743223AF61800BD459C = {
						CreatedOnToolsVersion = 10.1;
					};
					3E9D6757223AF61A00BD459C = {
						CreatedOnToolsVersion = 10.1;
						TestTargetID = 3E9D6743223AF61800BD459C;
					};
					3E9D6762223AF61A00BD459C = {
						CreatedOnToolsVersion = 10.1;
						TestTargetID = 3E9D6743223AF61800BD459C;
					};
				};
			};
			buildConfigurationList = 3E9D673F223AF61800BD459C /* Build configuration list for PBXProject "numberPad" */;
			compatibilityVersion = "Xcode 9.3";
			developmentRegion = en;
			hasScannedForEncodings = 0;
			knownRegions = (
				en,
				Base,
			);
			mainGroup = 3E9D673B223AF61800BD459C;
			productRefGroup = 3E9D6745223AF61800BD459C /* Products */;
			projectDirPath = "";
			projectRoot = "";
			targets = (
				3E9D6743223AF61800BD459C /* numberPad */,
				3E9D6757223AF61A00BD459C /* numberPadTests */,
				3E9D6762223AF61A00BD459C /* numberPadUITests */,
			);
		};
/* End PBXProject section */

/* Begin PBXResourcesBuildPhase section */
		3E9D6742223AF61800BD459C /* Resources */ = {
			isa = PBXResourcesBuildPhase;
			buildActionMask = 2147483647;
			files = (
				3E9D6752223AF61A00BD459C /* LaunchScreen.storyboard in Resources */,
				3E9D674F223AF61A00BD459C /* Assets.xcassets in Resources */,
				3E9D674D223AF61800BD459C /* Main.storyboard in Resources */,
			);
			runOnlyForDeploymentPostprocessing = 0;
		};
		3E9D6756223AF61A00BD459C /* Resources */ = {
			isa = PBXResourcesBuildPhase;
			buildActionMask = 2147483647;
			files = (
			);
			runOnlyForDeploymentPostprocessing = 0;
		};
		3E9D6761223AF61A00BD459C /* Resources */ = {
			isa = PBXResourcesBuildPhase;
			buildActionMask = 2147483647;
			files = (
			);
			runOnlyForDeploymentPostprocessing = 0;
		};
/* End PBXResourcesBuildPhase section */

/* Begin PBXSourcesBuildPhase section */
		3E9D6740223AF61800BD459C /* Sources */ = {
			isa = PBXSourcesBuildPhase;
			buildActionMask = 2147483647;
			files = (
				3E9D674A223AF61800BD459C /* ViewController.swift in Sources */,
				3E9D6748223AF61800BD459C /* AppDelegate.swift in Sources */,
			);
			runOnlyForDeploymentPostprocessing = 0;
		};
		3E9D6754223AF61A00BD459C /* Sources */ = {
			isa = PBXSourcesBuildPhase;
			buildActionMask = 2147483647;
			files = (
				3E9D675D223AF61A00BD459C /* numberPadTests.swift in Sources */,
			);
			runOnlyForDeploymentPostprocessing = 0;
		};
		3E9D675F223AF61A00BD459C /* Sources */ = {
			isa = PBXSourcesBuildPhase;
			buildActionMask = 2147483647;
			files = (
				3E9D6768223AF61A00BD459C /* numberPadUITests.swift in Sources */,
			);
			runOnlyForDeploymentPostprocessing = 0;
		};
/* End PBXSourcesBuildPhase section */

/* Begin PBXTargetDependency section */
		3E9D675A223AF61A00BD459C /* PBXTargetDependency */ = {
			isa = PBXTargetDependency;
			target = 3E9D6743223AF61800BD459C /* numberPad */;
			targetProxy = 3E9D6759223AF61A00BD459C /* PBXContainerItemProxy */;
		};
		3E9D6765223AF61A00BD459C /* PBXTargetDependency */ = {
			isa = PBXTargetDependency;
			target = 3E9D6743223AF61800BD459C /* numberPad */;
			targetProxy = 3E9D6764223AF61A00BD459C /* PBXContainerItemProxy */;
		};
/* End PBXTargetDependency section */

/* Begin PBXVariantGroup section */
		3E9D674B223AF61800BD459C /* Main.storyboard */ = {
			isa = PBXVariantGroup;
			children = (
				3E9D674C223AF61800BD459C /* Base */,
			);
			name = Main.storyboard;
			sourceTree = "<group>";
		};
		3E9D6750223AF61A00BD459C /* LaunchScreen.storyboard */ = {
			isa = PBXVariantGroup;
			children = (
				3E9D6751223AF61A00BD459C /* Base */,
			);
			name = LaunchScreen.storyboard;
			sourceTree = "<group>";
		};
/* End PBXVariantGroup section */

/* Begin XCBuildConfiguration section */
		3E9D676A223AF61A00BD459C /* Debug */ = {
			isa = XCBuildConfiguration;
			buildSettings = {
				ALWAYS_SEARCH_USER_PATHS = NO;
				CLANG_ANALYZER_NONNULL = YES;
				CLANG_ANALYZER_NUMBER_OBJECT_CONVERSION = YES_AGGRESSIVE;
				CLANG_CXX_LANGUAGE_STANDARD = "gnu++14";
				CLANG_CXX_LIBRARY = "libc++";
				CLANG_ENABLE_MODULES = YES;
				CLANG_ENABLE_OBJC_ARC = YES;
				CLANG_ENABLE_OBJC_WEAK = YES;
				CLANG_WARN_BLOCK_CAPTURE_AUTORELEASING = YES;
				CLANG_WARN_BOOL_CONVERSION = YES;
				CLANG_WARN_COMMA = YES;
				CLANG_WARN_CONSTANT_CONVERSION = YES;
				CLANG_WARN_DEPRECATED_OBJC_IMPLEMENTATIONS = YES;
				CLANG_WARN_DIRECT_OBJC_ISA_USAGE = YES_ERROR;
				CLANG_WARN_DOCUMENTATION_COMMENTS = YES;
				CLANG_WARN_EMPTY_BODY = YES;
				CLANG_WARN_ENUM_CONVERSION = YES;
				CLANG_WARN_INFINITE_RECURSION = YES;
				CLANG_WARN_INT_CONVERSION = YES;
				CLANG_WARN_NON_LITERAL_NULL_CONVERSION = YES;
				CLANG_WARN_OBJC_IMPLICIT_RETAIN_SELF = YES;
				CLANG_WARN_OBJC_LITERAL_CONVERSION = YES;
				CLANG_WARN_OBJC_ROOT_CLASS = YES_ERROR;
				CLANG_WARN_RANGE_LOOP_ANALYSIS = YES;
				CLANG_WARN_STRICT_PROTOTYPES = YES;
				CLANG_WARN_SUSPICIOUS_MOVE = YES;
				CLANG_WARN_UNGUARDED_AVAILABILITY = YES_AGGRESSIVE;
				CLANG_WARN_UNREACHABLE_CODE = YES;
				CLANG_WARN__DUPLICATE_METHOD_MATCH = YES;
				CODE_SIGN_IDENTITY = "iPhone Developer";
				COPY_PHASE_STRIP = NO;
				DEBUG_INFORMATION_FORMAT = dwarf;
				ENABLE_STRICT_OBJC_MSGSEND = YES;
				ENABLE_TESTABILITY = YES;
				GCC_C_LANGUAGE_STANDARD = gnu11;
				GCC_DYNAMIC_NO_PIC = NO;
				GCC_NO_COMMON_BLOCKS = YES;
				GCC_OPTIMIZATION_LEVEL = 0;
				GCC_PREPROCESSOR_DEFINITIONS = (
					"DEBUG=1",
					"$(inherited)",
				);
				GCC_WARN_64_TO_32_BIT_CONVERSION = YES;
				GCC_WARN_ABOUT_RETURN_TYPE = YES_ERROR;
				GCC_WARN_UNDECLARED_SELECTOR = YES;
				GCC_WARN_UNINITIALIZED_AUTOS = YES_AGGRESSIVE;
				GCC_WARN_UNUSED_FUNCTION = YES;
				GCC_WARN_UNUSED_VARIABLE = YES;
				IPHONEOS_DEPLOYMENT_TARGET = 12.1;
				MTL_ENABLE_DEBUG_INFO = INCLUDE_SOURCE;
				MTL_FAST_MATH = YES;
				ONLY_ACTIVE_ARCH = YES;
				SDKROOT = iphoneos;
				SWIFT_ACTIVE_COMPILATION_CONDITIONS = DEBUG;
				SWIFT_OPTIMIZATION_LEVEL = "-Onone";
			};
			name = Debug;
		};
		3E9D676B223AF61A00BD459C /* Release */ = {
			isa = XCBuildConfiguration;
			buildSettings = {
				ALWAYS_SEARCH_USER_PATHS = NO;
				CLANG_ANALYZER_NONNULL = YES;
				CLANG_ANALYZER_NUMBER_OBJECT_CONVERSION = YES_AGGRESSIVE;
				CLANG_CXX_LANGUAGE_STANDARD = "gnu++14";
				CLANG_CXX_LIBRARY = "libc++";
				CLANG_ENABLE_MODULES = YES;
				CLANG_ENABLE_OBJC_ARC = YES;
				CLANG_ENABLE_OBJC_WEAK = YES;
				CLANG_WARN_BLOCK_CAPTURE_AUTORELEASING = YES;
				CLANG_WARN_BOOL_CONVERSION = YES;
				CLANG_WARN_COMMA = YES;
				CLANG_WARN_CONSTANT_CONVERSION = YES;
				CLANG_WARN_DEPRECATED_OBJC_IMPLEMENTATIONS = YES;
				CLANG_WARN_DIRECT_OBJC_ISA_USAGE = YES_ERROR;
				CLANG_WARN_DOCUMENTATION_COMMENTS = YES;
				CLANG_WARN_EMPTY_BODY = YES;
				CLANG_WARN_ENUM_CONVERSION = YES;
				CLANG_WARN_INFINITE_RECURSION = YES;
				CLANG_WARN_INT_CONVERSION = YES;
				CLANG_WARN_NON_LITERAL_NULL_CONVERSION = YES;
				CLANG_WARN_OBJC_IMPLICIT_RETAIN_SELF = YES;
				CLANG_WARN_OBJC_LITERAL_CONVERSION = YES;
				CLANG_WARN_OBJC_ROOT_CLASS = YES_ERROR;
				CLANG_WARN_RANGE_LOOP_ANALYSIS = YES;
				CLANG_WARN_STRICT_PROTOTYPES = YES;
				CLANG_WARN_SUSPICIOUS_MOVE = YES;
				CLANG_WARN_UNGUARDED_AVAILABILITY = YES_AGGRESSIVE;
				CLANG_WARN_UNREACHABLE_CODE = YES;
				CLANG_WARN__DUPLICATE_METHOD_MATCH = YES;
				CODE_SIGN_IDENTITY = "iPhone Developer";
				COPY_PHASE_STRIP = NO;
				DEBUG_INFORMATION_FORMAT = "dwarf-with-dsym";
				ENABLE_NS_ASSERTIONS = NO;
				ENABLE_STRICT_OBJC_MSGSEND = YES;
				GCC_C_LANGUAGE_STANDARD = gnu11;
				GCC_NO_COMMON_BLOCKS = YES;
				GCC_WARN_64_TO_32_BIT_CONVERSION = YES;
				GCC_WARN_ABOUT_RETURN_TYPE = YES_ERROR;
				GCC_WARN_UNDECLARED_SELECTOR = YES;
				GCC_WARN_UNINITIALIZED_AUTOS = YES_AGGRESSIVE;
				GCC_WARN_UNUSED_FUNCTION = YES;
				GCC_WARN_UNUSED_VARIABLE = YES;
				IPHONEOS_DEPLOYMENT_TARGET = 12.1;
				MTL_ENABLE_DEBUG_INFO = NO;
				MTL_FAST_MATH = YES;
				SDKROOT = iphoneos;
				SWIFT_COMPILATION_MODE = wholemodule;
				SWIFT_OPTIMIZATION_LEVEL = "-O";
				VALIDATE_PRODUCT = YES;
			};
			name = Release;
		};
		3E9D676D223AF61A00BD459C /* Debug */ = {
			isa = XCBuildConfiguration;
			buildSettings = {
				ASSETCATALOG_COMPILER_APPICON_NAME = AppIcon;
				CODE_SIGN_STYLE = Automatic;
				DEVELOPMENT_TEAM = YH7584VSNN;
				INFOPLIST_FILE = numberPad/Info.plist;
				LD_RUNPATH_SEARCH_PATHS = (
					"$(inherited)",
					"@executable_path/Frameworks",
				);
				PRODUCT_BUNDLE_IDENTIFIER = sid.numberPad;
				PRODUCT_NAME = "$(TARGET_NAME)";
				SWIFT_VERSION = 4.2;
				TARGETED_DEVICE_FAMILY = "1,2";
			};
			name = Debug;
		};
		3E9D676E223AF61A00BD459C /* Release */ = {
			isa = XCBuildConfiguration;
			buildSettings = {
				ASSETCATALOG_COMPILER_APPICON_NAME = AppIcon;
				CODE_SIGN_STYLE = Automatic;
				DEVELOPMENT_TEAM = YH7584VSNN;
				INFOPLIST_FILE = numberPad/Info.plist;
				LD_RUNPATH_SEARCH_PATHS = (
					"$(inherited)",
					"@executable_path/Frameworks",
				);
				PRODUCT_BUNDLE_IDENTIFIER = sid.numberPad;
				PRODUCT_NAME = "$(TARGET_NAME)";
				SWIFT_VERSION = 4.2;
				TARGETED_DEVICE_FAMILY = "1,2";
			};
			name = Release;
		};
		3E9D6770223AF61A00BD459C /* Debug */ = {
			isa = XCBuildConfiguration;
			buildSettings = {
				ALWAYS_EMBED_SWIFT_STANDARD_LIBRARIES = YES;
				BUNDLE_LOADER = "$(TEST_HOST)";
				CODE_SIGN_STYLE = Automatic;
				DEVELOPMENT_TEAM = YH7584VSNN;
				INFOPLIST_FILE = numberPadTests/Info.plist;
				LD_RUNPATH_SEARCH_PATHS = (
					"$(inherited)",
					"@executable_path/Frameworks",
					"@loader_path/Frameworks",
				);
				PRODUCT_BUNDLE_IDENTIFIER = sid.numberPadTests;
				PRODUCT_NAME = "$(TARGET_NAME)";
				SWIFT_VERSION = 4.2;
				TARGETED_DEVICE_FAMILY = "1,2";
				TEST_HOST = "$(BUILT_PRODUCTS_DIR)/numberPad.app/numberPad";
			};
			name = Debug;
		};
		3E9D6771223AF61A00BD459C /* Release */ = {
			isa = XCBuildConfiguration;
			buildSettings = {
				ALWAYS_EMBED_SWIFT_STANDARD_LIBRARIES = YES;
				BUNDLE_LOADER = "$(TEST_HOST)";
				CODE_SIGN_STYLE = Automatic;
				DEVELOPMENT_TEAM = YH7584VSNN;
				INFOPLIST_FILE = numberPadTests/Info.plist;
				LD_RUNPATH_SEARCH_PATHS = (
					"$(inherited)",
					"@executable_path/Frameworks",
					"@loader_path/Frameworks",
				);
				PRODUCT_BUNDLE_IDENTIFIER = sid.numberPadTests;
				PRODUCT_NAME = "$(TARGET_NAME)";
				SWIFT_VERSION = 4.2;
				TARGETED_DEVICE_FAMILY = "1,2";
				TEST_HOST = "$(BUILT_PRODUCTS_DIR)/numberPad.app/numberPad";
			};
			name = Release;
		};
		3E9D6773223AF61A00BD459C /* Debug */ = {
			isa = XCBuildConfiguration;
			buildSettings = {
				ALWAYS_EMBED_SWIFT_STANDARD_LIBRARIES = YES;
				CODE_SIGN_STYLE = Automatic;
				DEVELOPMENT_TEAM = YH7584VSNN;
				INFOPLIST_FILE = numberPadUITests/Info.plist;
				LD_RUNPATH_SEARCH_PATHS = (
					"$(inherited)",
					"@executable_path/Frameworks",
					"@loader_path/Frameworks",
				);
				PRODUCT_BUNDLE_IDENTIFIER = sid.numberPadUITests;
				PRODUCT_NAME = "$(TARGET_NAME)";
				SWIFT_VERSION = 4.2;
				TARGETED_DEVICE_FAMILY = "1,2";
				TEST_TARGET_NAME = numberPad;
			};
			name = Debug;
		};
		3E9D6774223AF61A00BD459C /* Release */ = {
			isa = XCBuildConfiguration;
			buildSettings = {
				ALWAYS_EMBED_SWIFT_STANDARD_LIBRARIES = YES;
				CODE_SIGN_STYLE = Automatic;
				DEVELOPMENT_TEAM = YH7584VSNN;
				INFOPLIST_FILE = numberPadUITests/Info.plist;
				LD_RUNPATH_SEARCH_PATHS = (
					"$(inherited)",
					"@executable_path/Frameworks",
					"@loader_path/Frameworks",
				);
				PRODUCT_BUNDLE_IDENTIFIER = sid.numberPadUITests;
				PRODUCT_NAME = "$(TARGET_NAME)";
				SWIFT_VERSION = 4.2;
				TARGETED_DEVICE_FAMILY = "1,2";
				TEST_TARGET_NAME = numberPad;
			};
			name = Release;
		};
/* End XCBuildConfiguration section */

/* Begin XCConfigurationList section */
		3E9D673F223AF61800BD459C /* Build configuration list for PBXProject "numberPad" */ = {
			isa = XCConfigurationList;
			buildConfigurations = (
				3E9D676A223AF61A00BD459C /* Debug */,
				3E9D676B223AF61A00BD459C /* Release */,
			);
			defaultConfigurationIsVisible = 0;
			defaultConfigurationName = Release;
		};
		3E9D676C223AF61A00BD459C /* Build configuration list for PBXNativeTarget "numberPad" */ = {
			isa = XCConfigurationList;
			buildConfigurations = (
				3E9D676D223AF61A00BD459C /* Debug */,
				3E9D676E223AF61A00BD459C /* Release */,
			);
			defaultConfigurationIsVisible = 0;
			defaultConfigurationName = Release;
		};
		3E9D676F223AF61A00BD459C /* Build configuration list for PBXNativeTarget "numberPadTests" */ = {
			isa = XCConfigurationList;
			buildConfigurations = (
				3E9D6770223AF61A00BD459C /* Debug */,
				3E9D6771223AF61A00BD459C /* Release */,
			);
			defaultConfigurationIsVisible = 0;
			defaultConfigurationName = Release;
		};
		3E9D6772223AF61A00BD459C /* Build configuration list for PBXNativeTarget "numberPadUITests" */ = {
			isa = XCConfigurationList;
			buildConfigurations = (
				3E9D6773223AF61A00BD459C /* Debug */,
				3E9D6774223AF61A00BD459C /* Release */,
			);
			defaultConfigurationIsVisible = 0;
			defaultConfigurationName = Release;
		};
/* End XCConfigurationList section */
	};
	rootObject = 3E9D673C223AF61800BD459C /* Project object */;
}
